
Microsoft Visual Studio Solution File, Format Version 12.00
# Visual Studio Version 16
VisualStudioVersion = 16.0.34301.259
MinimumVisualStudioVersion = 10.0.40219.1
Project("{FAE04EC0-301F-11D3-BF4B-00C04F79EFBC}") = "kontor", "kontor\kontor.csproj", "{2749EE90-E4DF-409E-9919-B1EFF24B9A4D}"
EndProject
Global
	GlobalSection(SolutionConfigurationPlatforms) = preSolution
		Debug|Any CPU = Debug|Any CPU
		Release|Any CPU = Release|Any CPU
	EndGlobalSection
	GlobalSection(ProjectConfigurationPlatforms) = postSolution
		{2749EE90-E4DF-409E-9919-B1EFF24B9A4D}.Debug|Any CPU.ActiveCfg = Debug|Any CPU
		{2749EE90-E4DF-409E-9919-B1EFF24B9A4D}.Debug|Any CPU.Build.0 = Debug|Any CPU
		{2749EE90-E4DF-409E-9919-B1EFF24B9A4D}.Release|Any CPU.ActiveCfg = Release|Any CPU
		{2749EE90-E4DF-409E-9919-B1EFF24B9A4D}.Release|Any CPU.Build.0 = Release|Any CPU
	EndGlobalSection
	GlobalSection(SolutionProperties) = preSolution
		HideSolutionNode = FALSE
	EndGlobalSection
	GlobalSection(ExtensibilityGlobals) = postSolution
		SolutionGuid = {75E4F700-4273-41B9-A72E-45DA4E296DE6}
	EndGlobalSection
EndGlobal
